{
  "originHash" : "08cadb40fd8d52741d939002d8d1c89991d2373859e1f7ee9df0b94dd7b5bd6a",
  "pins" : [
    {
      "identity" : "alamofire",
      "kind" : "remoteSourceControl",
      "location" : "https://github.com/Alamofire/Alamofire",
      "state" : {
        "revision" : "513364f870f6bfc468f9d2ff0a95caccc10044c5",
        "version" : "5.10.2"
      }
    },
    {
      "identity" : "connect-sdk-client-swift",
      "kind" : "remoteSourceControl",
      "location" : "https://github.com/Worldline-Global-Collect/connect-sdk-client-swift",
      "state" : {
        "revision" : "9ff1139d499f822f997d16079141af926886ed0a",
        "version" : "6.1.4"
      }
    },
    {
      "identity" : "cryptoswift",
      "kind" : "remoteSourceControl",
      "location" : "https://github.com/krzyzanowskim/CryptoSwift",
      "state" : {
        "revision" : "729e01bc9b9dab466ac85f21fb9ee2bc1c61b258",
        "version" : "1.8.4"
      }
    }
  ],
  "version" : 3
}
